{
  "name": "conspiraai-web",
  "version": "0.0.0",
  "lockfileVersion": 3,
  "requires": true,
  "packages": {
    "": {
      "name": "conspiraai-web",
      "version": "0.0.0",
      "devDependencies": {
        "playwright": "^1.48.2"
      }
    }
  },
  "dependencies": {
    "playwright": {
      "version": "1.48.2",
      "dev": true
    }
  }
}
